// !$*UTF8*$!
{
	archiveVersion = 1;
	classes = {
	};
	objectVersion = 46;
	objects = {

/* Begin PBXBuildFile section */
		1F76F2B71B33C31C0089C873 /* main.m in Sources */ = {isa = PBXBuildFile; fileRef = 1F76F2B61B33C31C0089C873 /* main.m */; };
		1F76F2BA1B33C31C0089C873 /* AppDelegate.m in Sources */ = {isa = PBXBuildFile; fileRef = 1F76F2B91B33C31C0089C873 /* AppDelegate.m */; };
		1F76F2BD1B33C31C0089C873 /* ViewController.m in Sources */ = {isa = PBXBuildFile; fileRef = 1F76F2BC1B33C31C0089C873 /* ViewController.m */; };
		1F76F2C01B33C31C0089C873 /* Main.storyboard in Resources */ = {isa = PBXBuildFile; fileRef = 1F76F2BE1B33C31C0089C873 /* Main.storyboard */; };
		1F76F2C21B33C31C0089C873 /* Images.xcassets in Resources */ = {isa = PBXBuildFile; fileRef = 1F76F2C11B33C31C0089C873 /* Images.xcassets */; };
		1F76F2C51B33C31C0089C873 /* LaunchScreen.xib in Resources */ = {isa = PBXBuildFile; fileRef = 1F76F2C31B33C31C0089C873 /* LaunchScreen.xib */; };
		1F76F2D11B33C31C0089C873 /* StadiumTests.m in Sources */ = {isa = PBXBuildFile; fileRef = 1F76F2D01B33C31C0089C873 /* StadiumTests.m */; };
		1F76F2E01B33F8840089C873 /* Bolts.framework in Frameworks */ = {isa = PBXBuildFile; fileRef = 1F76F2DA1B33F8840089C873 /* Bolts.framework */; };
		1F76F2E11B33F8840089C873 /* Parse.framework in Frameworks */ = {isa = PBXBuildFile; fileRef = 1F76F2DB1B33F8840089C873 /* Parse.framework */; };
		1F76F2E21B33F8840089C873 /* ParseCrashReporting.framework in Frameworks */ = {isa = PBXBuildFile; fileRef = 1F76F2DC1B33F8840089C873 /* ParseCrashReporting.framework */; };
		1F76F2E41B33F8840089C873 /* ParseFacebookUtilsV4.framework in Frameworks */ = {isa = PBXBuildFile; fileRef = 1F76F2DE1B33F8840089C873 /* ParseFacebookUtilsV4.framework */; };
		1F76F2E51B33F8840089C873 /* ParseUI.framework in Frameworks */ = {isa = PBXBuildFile; fileRef = 1F76F2DF1B33F8840089C873 /* ParseUI.framework */; };
		1F76F2E91B33FBD90089C873 /* FBSDKCoreKit.framework in Frameworks */ = {isa = PBXBuildFile; fileRef = 1F76F2E61B33FBD90089C873 /* FBSDKCoreKit.framework */; };
		1F76F2EA1B33FBD90089C873 /* FBSDKLoginKit.framework in Frameworks */ = {isa = PBXBuildFile; fileRef = 1F76F2E71B33FBD90089C873 /* FBSDKLoginKit.framework */; };
		1F76F2EB1B33FBD90089C873 /* FBSDKShareKit.framework in Frameworks */ = {isa = PBXBuildFile; fileRef = 1F76F2E81B33FBD90089C873 /* FBSDKShareKit.framework */; };
		1F76F2ED1B3403800089C873 /* Sign-in-With-Facebook.png in Resources */ = {isa = PBXBuildFile; fileRef = 1F76F2EC1B3403800089C873 /* Sign-in-With-Facebook.png */; };
		1F76F2F31B3475BD0089C873 /* AudioToolbox.framework in Frameworks */ = {isa = PBXBuildFile; fileRef = 1F76F2F21B3475BD0089C873 /* AudioToolbox.framework */; };
		1F76F2F51B3475C60089C873 /* CFNetwork.framework in Frameworks */ = {isa = PBXBuildFile; fileRef = 1F76F2F41B3475C60089C873 /* CFNetwork.framework */; };
		1F76F2F71B3475CD0089C873 /* CoreGraphics.framework in Frameworks */ = {isa = PBXBuildFile; fileRef = 1F76F2F61B3475CD0089C873 /* CoreGraphics.framework */; };
		1F76F2F91B3476400089C873 /* CoreLocation.framework in Frameworks */ = {isa = PBXBuildFile; fileRef = 1F76F2F81B3476400089C873 /* CoreLocation.framework */; };
		1F76F2FB1B34764B0089C873 /* MobileCoreServices.framework in Frameworks */ = {isa = PBXBuildFile; fileRef = 1F76F2FA1B34764B0089C873 /* MobileCoreServices.framework */; };
		1F76F2FD1B3476530089C873 /* QuartzCore.framework in Frameworks */ = {isa = PBXBuildFile; fileRef = 1F76F2FC1B3476530089C873 /* QuartzCore.framework */; };
		1F76F2FF1B34765D0089C873 /* Security.framework in Frameworks */ = {isa = PBXBuildFile; fileRef = 1F76F2FE1B34765D0089C873 /* Security.framework */; };
		1F76F3011B3476650089C873 /* StoreKit.framework in Frameworks */ = {isa = PBXBuildFile; fileRef = 1F76F3001B3476650089C873 /* StoreKit.framework */; };
		1F76F3031B34766F0089C873 /* SystemConfiguration.framework in Frameworks */ = {isa = PBXBuildFile; fileRef = 1F76F3021B34766F0089C873 /* SystemConfiguration.framework */; };
		1F76F3051B3476770089C873 /* libz.dylib in Frameworks */ = {isa = PBXBuildFile; fileRef = 1F76F3041B3476770089C873 /* libz.dylib */; };
		1F76F3071B3476810089C873 /* libsqlite3.dylib in Frameworks */ = {isa = PBXBuildFile; fileRef = 1F76F3061B3476810089C873 /* libsqlite3.dylib */; };
/* End PBXBuildFile section */

/* Begin PBXContainerItemProxy section */
		1F76F2CB1B33C31C0089C873 /* PBXContainerItemProxy */ = {
			isa = PBXContainerItemProxy;
			containerPortal = 1F76F2A91B33C31C0089C873 /* Project object */;
			proxyType = 1;
			remoteGlobalIDString = 1F76F2B01B33C31C0089C873;
			remoteInfo = Stadium;
		};
/* End PBXContainerItemProxy section */

/* Begin PBXFileReference section */
		1F76F2B11B33C31C0089C873 /* Stadium.app */ = {isa = PBXFileReference; explicitFileType = wrapper.application; includeInIndex = 0; path = Stadium.app; sourceTree = BUILT_PRODUCTS_DIR; };
		1F76F2B51B33C31C0089C873 /* Info.plist */ = {isa = PBXFileReference; lastKnownFileType = text.plist.xml; path = Info.plist; sourceTree = "<group>"; };
		1F76F2B61B33C31C0089C873 /* main.m */ = {isa = PBXFileReference; lastKnownFileType = sourcecode.c.objc; path = main.m; sourceTree = "<group>"; };
		1F76F2B81B33C31C0089C873 /* AppDelegate.h */ = {isa = PBXFileReference; lastKnownFileType = sourcecode.c.h; path = AppDelegate.h; sourceTree = "<group>"; };
		1F76F2B91B33C31C0089C873 /* AppDelegate.m */ = {isa = PBXFileReference; lastKnownFileType = sourcecode.c.objc; path = AppDelegate.m; sourceTree = "<group>"; };
		1F76F2BB1B33C31C0089C873 /* ViewController.h */ = {isa = PBXFileReference; lastKnownFileType = sourcecode.c.h; path = ViewController.h; sourceTree = "<group>"; };
		1F76F2BC1B33C31C0089C873 /* ViewController.m */ = {isa = PBXFileReference; lastKnownFileType = sourcecode.c.objc; path = ViewController.m; sourceTree = "<group>"; };
		1F76F2BF1B33C31C0089C873 /* Base */ = {isa = PBXFileReference; lastKnownFileType = file.storyboard; name = Base; path = Base.lproj/Main.storyboard; sourceTree = "<group>"; };
		1F76F2C11B33C31C0089C873 /* Images.xcassets */ = {isa = PBXFileReference; lastKnownFileType = folder.assetcatalog; path = Images.xcassets; sourceTree = "<group>"; };
		1F76F2C41B33C31C0089C873 /* Base */ = {isa = PBXFileReference; lastKnownFileType = file.xib; name = Base; path = Base.lproj/LaunchScreen.xib; sourceTree = "<group>"; };
		1F76F2CA1B33C31C0089C873 /* StadiumTests.xctest */ = {isa = PBXFileReference; explicitFileType = wrapper.cfbundle; includeInIndex = 0; path = StadiumTests.xctest; sourceTree = BUILT_PRODUCTS_DIR; };
		1F76F2CF1B33C31C0089C873 /* Info.plist */ = {isa = PBXFileReference; lastKnownFileType = text.plist.xml; path = Info.plist; sourceTree = "<group>"; };
		1F76F2D01B33C31C0089C873 /* StadiumTests.m */ = {isa = PBXFileReference; lastKnownFileType = sourcecode.c.objc; path = StadiumTests.m; sourceTree = "<group>"; };
		1F76F2DA1B33F8840089C873 /* Bolts.framework */ = {isa = PBXFileReference; lastKnownFileType = wrapper.framework; path = Bolts.framework; sourceTree = "<group>"; };
		1F76F2DB1B33F8840089C873 /* Parse.framework */ = {isa = PBXFileReference; lastKnownFileType = wrapper.framework; path = Parse.framework; sourceTree = "<group>"; };
		1F76F2DC1B33F8840089C873 /* ParseCrashReporting.framework */ = {isa = PBXFileReference; lastKnownFileType = wrapper.framework; path = ParseCrashReporting.framework; sourceTree = "<group>"; };
		1F76F2DE1B33F8840089C873 /* ParseFacebookUtilsV4.framework */ = {isa = PBXFileReference; lastKnownFileType = wrapper.framework; path = ParseFacebookUtilsV4.framework; sourceTree = "<group>"; };
		1F76F2DF1B33F8840089C873 /* ParseUI.framework */ = {isa = PBXFileReference; lastKnownFileType = wrapper.framework; path = ParseUI.framework; sourceTree = "<group>"; };
		1F76F2E61B33FBD90089C873 /* FBSDKCoreKit.framework */ = {isa = PBXFileReference; lastKnownFileType = wrapper.framework; path = FBSDKCoreKit.framework; sourceTree = "<group>"; };
		1F76F2E71B33FBD90089C873 /* FBSDKLoginKit.framework */ = {isa = PBXFileReference; lastKnownFileType = wrapper.framework; path = FBSDKLoginKit.framework; sourceTree = "<group>"; };
		1F76F2E81B33FBD90089C873 /* FBSDKShareKit.framework */ = {isa = PBXFileReference; lastKnownFileType = wrapper.framework; path = FBSDKShareKit.framework; sourceTree = "<group>"; };
		1F76F2EC1B3403800089C873 /* Sign-in-With-Facebook.png */ = {isa = PBXFileReference; lastKnownFileType = image.png; path = "Sign-in-With-Facebook.png"; sourceTree = "<group>"; };
		1F76F2F21B3475BD0089C873 /* AudioToolbox.framework */ = {isa = PBXFileReference; lastKnownFileType = wrapper.framework; name = AudioToolbox.framework; path = System/Library/Frameworks/AudioToolbox.framework; sourceTree = SDKROOT; };
		1F76F2F41B3475C60089C873 /* CFNetwork.framework */ = {isa = PBXFileReference; lastKnownFileType = wrapper.framework; name = CFNetwork.framework; path = System/Library/Frameworks/CFNetwork.framework; sourceTree = SDKROOT; };
		1F76F2F61B3475CD0089C873 /* CoreGraphics.framework */ = {isa = PBXFileReference; lastKnownFileType = wrapper.framework; name = CoreGraphics.framework; path = System/Library/Frameworks/CoreGraphics.framework; sourceTree = SDKROOT; };
		1F76F2F81B3476400089C873 /* CoreLocation.framework */ = {isa = PBXFileReference; lastKnownFileType = wrapper.framework; name = CoreLocation.framework; path = System/Library/Frameworks/CoreLocation.framework; sourceTree = SDKROOT; };
		1F76F2FA1B34764B0089C873 /* MobileCoreServices.framework */ = {isa = PBXFileReference; lastKnownFileType = wrapper.framework; name = MobileCoreServices.framework; path = System/Library/Frameworks/MobileCoreServices.framework; sourceTree = SDKROOT; };
		1F76F2FC1B3476530089C873 /* QuartzCore.framework */ = {isa = PBXFileReference; lastKnownFileType = wrapper.framework; name = QuartzCore.framework; path = System/Library/Frameworks/QuartzCore.framework; sourceTree = SDKROOT; };
		1F76F2FE1B34765D0089C873 /* Security.framework */ = {isa = PBXFileReference; lastKnownFileType = wrapper.framework; name = Security.framework; path = System/Library/Frameworks/Security.framework; sourceTree = SDKROOT; };
		1F76F3001B3476650089C873 /* StoreKit.framework */ = {isa = PBXFileReference; lastKnownFileType = wrapper.framework; name = StoreKit.framework; path = System/Library/Frameworks/StoreKit.framework; sourceTree = SDKROOT; };
		1F76F3021B34766F0089C873 /* SystemConfiguration.framework */ = {isa = PBXFileReference; lastKnownFileType = wrapper.framework; name = SystemConfiguration.framework; path = System/Library/Frameworks/SystemConfiguration.framework; sourceTree = SDKROOT; };
		1F76F3041B3476770089C873 /* libz.dylib */ = {isa = PBXFileReference; lastKnownFileType = "compiled.mach-o.dylib"; name = libz.dylib; path = usr/lib/libz.dylib; sourceTree = SDKROOT; };
		1F76F3061B3476810089C873 /* libsqlite3.dylib */ = {isa = PBXFileReference; lastKnownFileType = "compiled.mach-o.dylib"; name = libsqlite3.dylib; path = usr/lib/libsqlite3.dylib; sourceTree = SDKROOT; };
/* End PBXFileReference section */

/* Begin PBXFrameworksBuildPhase section */
		1F76F2AE1B33C31C0089C873 /* Frameworks */ = {
			isa = PBXFrameworksBuildPhase;
			buildActionMask = 2147483647;
			files = (
				1F76F3071B3476810089C873 /* libsqlite3.dylib in Frameworks */,
				1F76F3051B3476770089C873 /* libz.dylib in Frameworks */,
				1F76F3031B34766F0089C873 /* SystemConfiguration.framework in Frameworks */,
				1F76F3011B3476650089C873 /* StoreKit.framework in Frameworks */,
				1F76F2FF1B34765D0089C873 /* Security.framework in Frameworks */,
				1F76F2FD1B3476530089C873 /* QuartzCore.framework in Frameworks */,
				1F76F2FB1B34764B0089C873 /* MobileCoreServices.framework in Frameworks */,
				1F76F2F91B3476400089C873 /* CoreLocation.framework in Frameworks */,
				1F76F2F71B3475CD0089C873 /* CoreGraphics.framework in Frameworks */,
				1F76F2F51B3475C60089C873 /* CFNetwork.framework in Frameworks */,
				1F76F2F31B3475BD0089C873 /* AudioToolbox.framework in Frameworks */,
				1F76F2E51B33F8840089C873 /* ParseUI.framework in Frameworks */,
				1F76F2E11B33F8840089C873 /* Parse.framework in Frameworks */,
				1F76F2E21B33F8840089C873 /* ParseCrashReporting.framework in Frameworks */,
				1F76F2E91B33FBD90089C873 /* FBSDKCoreKit.framework in Frameworks */,
				1F76F2EB1B33FBD90089C873 /* FBSDKShareKit.framework in Frameworks */,
				1F76F2E01B33F8840089C873 /* Bolts.framework in Frameworks */,
				1F76F2EA1B33FBD90089C873 /* FBSDKLoginKit.framework in Frameworks */,
				1F76F2E41B33F8840089C873 /* ParseFacebookUtilsV4.framework in Frameworks */,
			);
			runOnlyForDeploymentPostprocessing = 0;
		};
		1F76F2C71B33C31C0089C873 /* Frameworks */ = {
			isa = PBXFrameworksBuildPhase;
			buildActionMask = 2147483647;
			files = (
			);
			runOnlyForDeploymentPostprocessing = 0;
		};
/* End PBXFrameworksBuildPhase section */

/* Begin PBXGroup section */
		1F76F2A81B33C31C0089C873 = {
			isa = PBXGroup;
			children = (
				1F76F2B31B33C31C0089C873 /* Stadium */,
				1F76F2CD1B33C31C0089C873 /* StadiumTests */,
				1F76F2B21B33C31C0089C873 /* Products */,
			);
			sourceTree = "<group>";
		};
		1F76F2B21B33C31C0089C873 /* Products */ = {
			isa = PBXGroup;
			children = (
				1F76F2B11B33C31C0089C873 /* Stadium.app */,
				1F76F2CA1B33C31C0089C873 /* StadiumTests.xctest */,
			);
			name = Products;
			sourceTree = "<group>";
		};
		1F76F2B31B33C31C0089C873 /* Stadium */ = {
			isa = PBXGroup;
			children = (
				1F76F2EC1B3403800089C873 /* Sign-in-With-Facebook.png */,
				1F76F2B81B33C31C0089C873 /* AppDelegate.h */,
				1F76F2B91B33C31C0089C873 /* AppDelegate.m */,
				1F76F2BB1B33C31C0089C873 /* ViewController.h */,
				1F76F2BC1B33C31C0089C873 /* ViewController.m */,
				1F76F2BE1B33C31C0089C873 /* Main.storyboard */,
				1F76F2C11B33C31C0089C873 /* Images.xcassets */,
				1F76F2C31B33C31C0089C873 /* LaunchScreen.xib */,
				1F76F2B41B33C31C0089C873 /* Supporting Files */,
			);
			path = Stadium;
			sourceTree = "<group>";
		};
		1F76F2B41B33C31C0089C873 /* Supporting Files */ = {
			isa = PBXGroup;
			children = (
				1F76F3061B3476810089C873 /* libsqlite3.dylib */,
				1F76F3041B3476770089C873 /* libz.dylib */,
				1F76F3021B34766F0089C873 /* SystemConfiguration.framework */,
				1F76F3001B3476650089C873 /* StoreKit.framework */,
				1F76F2FE1B34765D0089C873 /* Security.framework */,
				1F76F2FC1B3476530089C873 /* QuartzCore.framework */,
				1F76F2FA1B34764B0089C873 /* MobileCoreServices.framework */,
				1F76F2F81B3476400089C873 /* CoreLocation.framework */,
				1F76F2F61B3475CD0089C873 /* CoreGraphics.framework */,
				1F76F2F41B3475C60089C873 /* CFNetwork.framework */,
				1F76F2F21B3475BD0089C873 /* AudioToolbox.framework */,
				1F76F2E61B33FBD90089C873 /* FBSDKCoreKit.framework */,
				1F76F2E71B33FBD90089C873 /* FBSDKLoginKit.framework */,
				1F76F2E81B33FBD90089C873 /* FBSDKShareKit.framework */,
				1F76F2DA1B33F8840089C873 /* Bolts.framework */,
				1F76F2DB1B33F8840089C873 /* Parse.framework */,
				1F76F2DC1B33F8840089C873 /* ParseCrashReporting.framework */,
				1F76F2DE1B33F8840089C873 /* ParseFacebookUtilsV4.framework */,
				1F76F2DF1B33F8840089C873 /* ParseUI.framework */,
				1F76F2B51B33C31C0089C873 /* Info.plist */,
				1F76F2B61B33C31C0089C873 /* main.m */,
			);
			name = "Supporting Files";
			sourceTree = "<group>";
		};
		1F76F2CD1B33C31C0089C873 /* StadiumTests */ = {
			isa = PBXGroup;
			children = (
				1F76F2D01B33C31C0089C873 /* StadiumTests.m */,
				1F76F2CE1B33C31C0089C873 /* Supporting Files */,
			);
			path = StadiumTests;
			sourceTree = "<group>";
		};
		1F76F2CE1B33C31C0089C873 /* Supporting Files */ = {
			isa = PBXGroup;
			children = (
				1F76F2CF1B33C31C0089C873 /* Info.plist */,
			);
			name = "Supporting Files";
			sourceTree = "<group>";
		};
/* End PBXGroup section */

/* Begin PBXNativeTarget section */
		1F76F2B01B33C31C0089C873 /* Stadium */ = {
			isa = PBXNativeTarget;
			buildConfigurationList = 1F76F2D41B33C31C0089C873 /* Build configuration list for PBXNativeTarget "Stadium" */;
			buildPhases = (
				1F76F2AD1B33C31C0089C873 /* Sources */,
				1F76F2AE1B33C31C0089C873 /* Frameworks */,
				1F76F2AF1B33C31C0089C873 /* Resources */,
			);
			buildRules = (
			);
			dependencies = (
			);
			name = Stadium;
			productName = Stadium;
			productReference = 1F76F2B11B33C31C0089C873 /* Stadium.app */;
			productType = "com.apple.product-type.application";
		};
		1F76F2C91B33C31C0089C873 /* StadiumTests */ = {
			isa = PBXNativeTarget;
			buildConfigurationList = 1F76F2D71B33C31C0089C873 /* Build configuration list for PBXNativeTarget "StadiumTests" */;
			buildPhases = (
				1F76F2C61B33C31C0089C873 /* Sources */,
				1F76F2C71B33C31C0089C873 /* Frameworks */,
				1F76F2C81B33C31C0089C873 /* Resources */,
			);
			buildRules = (
			);
			dependencies = (
				1F76F2CC1B33C31C0089C873 /* PBXTargetDependency */,
			);
			name = StadiumTests;
			productName = StadiumTests;
			productReference = 1F76F2CA1B33C31C0089C873 /* StadiumTests.xctest */;
			productType = "com.apple.product-type.bundle.unit-test";
		};
/* End PBXNativeTarget section */

/* Begin PBXProject section */
		1F76F2A91B33C31C0089C873 /* Project object */ = {
			isa = PBXProject;
			attributes = {
				LastUpgradeCheck = 0630;
				ORGANIZATIONNAME = "Mani Kishore Chitrala";
				TargetAttributes = {
					1F76F2B01B33C31C0089C873 = {
						CreatedOnToolsVersion = 6.3.2;
					};
					1F76F2C91B33C31C0089C873 = {
						CreatedOnToolsVersion = 6.3.2;
						TestTargetID = 1F76F2B01B33C31C0089C873;
					};
				};
			};
			buildConfigurationList = 1F76F2AC1B33C31C0089C873 /* Build configuration list for PBXProject "Stadium" */;
			compatibilityVersion = "Xcode 3.2";
			developmentRegion = English;
			hasScannedForEncodings = 0;
			knownRegions = (
				en,
				Base,
			);
			mainGroup = 1F76F2A81B33C31C0089C873;
			productRefGroup = 1F76F2B21B33C31C0089C873 /* Products */;
			projectDirPath = "";
			projectRoot = "";
			targets = (
				1F76F2B01B33C31C0089C873 /* Stadium */,
				1F76F2C91B33C31C0089C873 /* StadiumTests */,
			);
		};
/* End PBXProject section */

/* Begin PBXResourcesBuildPhase section */
		1F76F2AF1B33C31C0089C873 /* Resources */ = {
			isa = PBXResourcesBuildPhase;
			buildActionMask = 2147483647;
			files = (
				1F76F2C01B33C31C0089C873 /* Main.storyboard in Resources */,
				1F76F2ED1B3403800089C873 /* Sign-in-With-Facebook.png in Resources */,
				1F76F2C51B33C31C0089C873 /* LaunchScreen.xib in Resources */,
				1F76F2C21B33C31C0089C873 /* Images.xcassets in Resources */,
			);
			runOnlyForDeploymentPostprocessing = 0;
		};
		1F76F2C81B33C31C0089C873 /* Resources */ = {
			isa = PBXResourcesBuildPhase;
			buildActionMask = 2147483647;
			files = (
			);
			runOnlyForDeploymentPostprocessing = 0;
		};
/* End PBXResourcesBuildPhase section */

/* Begin PBXSourcesBuildPhase section */
		1F76F2AD1B33C31C0089C873 /* Sources */ = {
			isa = PBXSourcesBuildPhase;
			buildActionMask = 2147483647;
			files = (
				1F76F2BD1B33C31C0089C873 /* ViewController.m in Sources */,
				1F76F2BA1B33C31C0089C873 /* AppDelegate.m in Sources */,
				1F76F2B71B33C31C0089C873 /* main.m in Sources */,
			);
			runOnlyForDeploymentPostprocessing = 0;
		};
		1F76F2C61B33C31C0089C873 /* Sources */ = {
			isa = PBXSourcesBuildPhase;
			buildActionMask = 2147483647;
			files = (
				1F76F2D11B33C31C0089C873 /* StadiumTests.m in Sources */,
			);
			runOnlyForDeploymentPostprocessing = 0;
		};
/* End PBXSourcesBuildPhase section */

/* Begin PBXTargetDependency section */
		1F76F2CC1B33C31C0089C873 /* PBXTargetDependency */ = {
			isa = PBXTargetDependency;
			target = 1F76F2B01B33C31C0089C873 /* Stadium */;
			targetProxy = 1F76F2CB1B33C31C0089C873 /* PBXContainerItemProxy */;
		};
/* End PBXTargetDependency section */

/* Begin PBXVariantGroup section */
		1F76F2BE1B33C31C0089C873 /* Main.storyboard */ = {
			isa = PBXVariantGroup;
			children = (
				1F76F2BF1B33C31C0089C873 /* Base */,
			);
			name = Main.storyboard;
			sourceTree = "<group>";
		};
		1F76F2C31B33C31C0089C873 /* LaunchScreen.xib */ = {
			isa = PBXVariantGroup;
			children = (
				1F76F2C41B33C31C0089C873 /* Base */,
			);
			name = LaunchScreen.xib;
			sourceTree = "<group>";
		};
/* End PBXVariantGroup section */

/* Begin XCBuildConfiguration section */
		1F76F2D21B33C31C0089C873 /* Debug */ = {
			isa = XCBuildConfiguration;
			buildSettings = {
				ALWAYS_SEARCH_USER_PATHS = NO;
				CLANG_CXX_LANGUAGE_STANDARD = "gnu++0x";
				CLANG_CXX_LIBRARY = "libc++";
				CLANG_ENABLE_MODULES = YES;
				CLANG_ENABLE_OBJC_ARC = YES;
				CLANG_WARN_BOOL_CONVERSION = YES;
				CLANG_WARN_CONSTANT_CONVERSION = YES;
				CLANG_WARN_DIRECT_OBJC_ISA_USAGE = YES_ERROR;
				CLANG_WARN_EMPTY_BODY = YES;
				CLANG_WARN_ENUM_CONVERSION = YES;
				CLANG_WARN_INT_CONVERSION = YES;
				CLANG_WARN_OBJC_ROOT_CLASS = YES_ERROR;
				CLANG_WARN_UNREACHABLE_CODE = YES;
				CLANG_WARN__DUPLICATE_METHOD_MATCH = YES;
				"CODE_SIGN_IDENTITY[sdk=iphoneos*]" = "iPhone Developer";
				COPY_PHASE_STRIP = NO;
				DEBUG_INFORMATION_FORMAT = "dwarf-with-dsym";
				ENABLE_STRICT_OBJC_MSGSEND = YES;
				GCC_C_LANGUAGE_STANDARD = gnu99;
				GCC_DYNAMIC_NO_PIC = NO;
				GCC_NO_COMMON_BLOCKS = YES;
				GCC_OPTIMIZATION_LEVEL = 0;
				GCC_PREPROCESSOR_DEFINITIONS = (
					"DEBUG=1",
					"$(inherited)",
				);
				GCC_SYMBOLS_PRIVATE_EXTERN = NO;
				GCC_WARN_64_TO_32_BIT_CONVERSION = YES;
				GCC_WARN_ABOUT_RETURN_TYPE = YES_ERROR;
				GCC_WARN_UNDECLARED_SELECTOR = YES;
				GCC_WARN_UNINITIALIZED_AUTOS = YES_AGGRESSIVE;
				GCC_WARN_UNUSED_FUNCTION = YES;
				GCC_WARN_UNUSED_VARIABLE = YES;
				IPHONEOS_DEPLOYMENT_TARGET = 8.3;
				MTL_ENABLE_DEBUG_INFO = YES;
				ONLY_ACTIVE_ARCH = YES;
				SDKROOT = iphoneos;
			};
			name = Debug;
		};
		1F76F2D31B33C31C0089C873 /* Release */ = {
			isa = XCBuildConfiguration;
			buildSettings = {
				ALWAYS_SEARCH_USER_PATHS = NO;
				CLANG_CXX_LANGUAGE_STANDARD = "gnu++0x";
				CLANG_CXX_LIBRARY = "libc++";
				CLANG_ENABLE_MODULES = YES;
				CLANG_ENABLE_OBJC_ARC = YES;
				CLANG_WARN_BOOL_CONVERSION = YES;
				CLANG_WARN_CONSTANT_CONVERSION = YES;
				CLANG_WARN_DIRECT_OBJC_ISA_USAGE = YES_ERROR;
				CLANG_WARN_EMPTY_BODY = YES;
				CLANG_WARN_ENUM_CONVERSION = YES;
				CLANG_WARN_INT_CONVERSION = YES;
				CLANG_WARN_OBJC_ROOT_CLASS = YES_ERROR;
				CLANG_WARN_UNREACHABLE_CODE = YES;
				CLANG_WARN__DUPLICATE_METHOD_MATCH = YES;
				"CODE_SIGN_IDENTITY[sdk=iphoneos*]" = "iPhone Developer";
				COPY_PHASE_STRIP = NO;
				DEBUG_INFORMATION_FORMAT = "dwarf-with-dsym";
				ENABLE_NS_ASSERTIONS = NO;
				ENABLE_STRICT_OBJC_MSGSEND = YES;
				GCC_C_LANGUAGE_STANDARD = gnu99;
				GCC_NO_COMMON_BLOCKS = YES;
				GCC_WARN_64_TO_32_BIT_CONVERSION = YES;
				GCC_WARN_ABOUT_RETURN_TYPE = YES_ERROR;
				GCC_WARN_UNDECLARED_SELECTOR = YES;
				GCC_WARN_UNINITIALIZED_AUTOS = YES_AGGRESSIVE;
				GCC_WARN_UNUSED_FUNCTION = YES;
				GCC_WARN_UNUSED_VARIABLE = YES;
				IPHONEOS_DEPLOYMENT_TARGET = 8.3;
				MTL_ENABLE_DEBUG_INFO = NO;
				SDKROOT = iphoneos;
				VALIDATE_PRODUCT = YES;
			};
			name = Release;
		};
		1F76F2D51B33C31C0089C873 /* Debug */ = {
			isa = XCBuildConfiguration;
			buildSettings = {
				ASSETCATALOG_COMPILER_APPICON_NAME = AppIcon;
				FRAMEWORK_SEARCH_PATHS = (
					"$(inherited)",
					"$(PROJECT_DIR)/Stadium",
				);
				INFOPLIST_FILE = Stadium/Info.plist;
				LD_RUNPATH_SEARCH_PATHS = "$(inherited) @executable_path/Frameworks";
				PRODUCT_NAME = "$(TARGET_NAME)";
			};
			name = Debug;
		};
		1F76F2D61B33C31C0089C873 /* Release */ = {
			isa = XCBuildConfiguration;
			buildSettings = {
				ASSETCATALOG_COMPILER_APPICON_NAME = AppIcon;
				FRAMEWORK_SEARCH_PATHS = (
					"$(inherited)",
					"$(PROJECT_DIR)/Stadium",
				);
				INFOPLIST_FILE = Stadium/Info.plist;
				LD_RUNPATH_SEARCH_PATHS = "$(inherited) @executable_path/Frameworks";
				PRODUCT_NAME = "$(TARGET_NAME)";
			};
			name = Release;
		};
		1F76F2D81B33C31C0089C873 /* Debug */ = {
			isa = XCBuildConfiguration;
			buildSettings = {
				BUNDLE_LOADER = "$(TEST_HOST)";
				FRAMEWORK_SEARCH_PATHS = (
					"$(SDKROOT)/Developer/Library/Frameworks",
					"$(inherited)",
				);
				GCC_PREPROCESSOR_DEFINITIONS = (
					"DEBUG=1",
					"$(inherited)",
				);
				INFOPLIST_FILE = StadiumTests/Info.plist;
				LD_RUNPATH_SEARCH_PATHS = "$(inherited) @executable_path/Frameworks @loader_path/Frameworks";
				PRODUCT_NAME = "$(TARGET_NAME)";
				TEST_HOST = "$(BUILT_PRODUCTS_DIR)/Stadium.app/Stadium";
			};
			name = Debug;
		};
		1F76F2D91B33C31C0089C873 /* Release */ = {
			isa = XCBuildConfiguration;
			buildSettings = {
				BUNDLE_LOADER = "$(TEST_HOST)";
				FRAMEWORK_SEARCH_PATHS = (
					"$(SDKROOT)/Developer/Library/Frameworks",
					"$(inherited)",
				);
				INFOPLIST_FILE = StadiumTests/Info.plist;
				LD_RUNPATH_SEARCH_PATHS = "$(inherited) @executable_path/Frameworks @loader_path/Frameworks";
				PRODUCT_NAME = "$(TARGET_NAME)";
				TEST_HOST = "$(BUILT_PRODUCTS_DIR)/Stadium.app/Stadium";
			};
			name = Release;
		};
/* End XCBuildConfiguration section */

/* Begin XCConfigurationList section */
		1F76F2AC1B33C31C0089C873 /* Build configuration list for PBXProject "Stadium" */ = {
			isa = XCConfigurationList;
			buildConfigurations = (
				1F76F2D21B33C31C0089C873 /* Debug */,
				1F76F2D31B33C31C0089C873 /* Release */,
			);
			defaultConfigurationIsVisible = 0;
			defaultConfigurationName = Release;
		};
		1F76F2D41B33C31C0089C873 /* Build configuration list for PBXNativeTarget "Stadium" */ = {
			isa = XCConfigurationList;
			buildConfigurations = (
				1F76F2D51B33C31C0089C873 /* Debug */,
				1F76F2D61B33C31C0089C873 /* Release */,
			);
			defaultConfigurationIsVisible = 0;
		};
		1F76F2D71B33C31C0089C873 /* Build configuration list for PBXNativeTarget "StadiumTests" */ = {
			isa = XCConfigurationList;
			buildConfigurations = (
				1F76F2D81B33C31C0089C873 /* Debug */,
				1F76F2D91B33C31C0089C873 /* Release */,
			);
			defaultConfigurationIsVisible = 0;
		};
/* End XCConfigurationList section */
	};
	rootObject = 1F76F2A91B33C31C0089C873 /* Project object */;
}
